// !$*UTF8*$!
{
	archiveVersion = 1;
	classes = {
	};
	objectVersion = 46;
	objects = {

/* Begin PBXBuildFile section */
		D46E57F01BFB2C0D00439CC9 /* main.m in Sources */ = {isa = PBXBuildFile; fileRef = D46E57EF1BFB2C0D00439CC9 /* main.m */; };
		D46E57F31BFB2C0D00439CC9 /* AppDelegate.m in Sources */ = {isa = PBXBuildFile; fileRef = D46E57F21BFB2C0D00439CC9 /* AppDelegate.m */; };
		D46E57FC1BFB2C0D00439CC9 /* Main.storyboard in Resources */ = {isa = PBXBuildFile; fileRef = D46E57FA1BFB2C0D00439CC9 /* Main.storyboard */; };
		D46E57FE1BFB2C0D00439CC9 /* Assets.xcassets in Resources */ = {isa = PBXBuildFile; fileRef = D46E57FD1BFB2C0D00439CC9 /* Assets.xcassets */; };
		D46E58011BFB2C0D00439CC9 /* LaunchScreen.storyboard in Resources */ = {isa = PBXBuildFile; fileRef = D46E57FF1BFB2C0D00439CC9 /* LaunchScreen.storyboard */; };
		D46E580C1BFB2C0D00439CC9 /* BrownListTests.m in Sources */ = {isa = PBXBuildFile; fileRef = D46E580B1BFB2C0D00439CC9 /* BrownListTests.m */; };
		D46E58171BFB2C0D00439CC9 /* BrownListUITests.m in Sources */ = {isa = PBXBuildFile; fileRef = D46E58161BFB2C0D00439CC9 /* BrownListUITests.m */; };
		D46E58271BFC0DFC00439CC9 /* HomeViewController.m in Sources */ = {isa = PBXBuildFile; fileRef = D46E58261BFC0DFC00439CC9 /* HomeViewController.m */; settings = {ASSET_TAGS = (); }; };
		D46E58281BFC0DFC00439CC9 /* HomeViewController.m in Sources */ = {isa = PBXBuildFile; fileRef = D46E58261BFC0DFC00439CC9 /* HomeViewController.m */; settings = {ASSET_TAGS = (); }; };
		D46E58291BFC0DFC00439CC9 /* HomeViewController.m in Sources */ = {isa = PBXBuildFile; fileRef = D46E58261BFC0DFC00439CC9 /* HomeViewController.m */; settings = {ASSET_TAGS = (); }; };
		D46E582C1BFC0E1800439CC9 /* ExploreViewController.m in Sources */ = {isa = PBXBuildFile; fileRef = D46E582B1BFC0E1800439CC9 /* ExploreViewController.m */; settings = {ASSET_TAGS = (); }; };
		D46E582D1BFC0E1800439CC9 /* ExploreViewController.m in Sources */ = {isa = PBXBuildFile; fileRef = D46E582B1BFC0E1800439CC9 /* ExploreViewController.m */; settings = {ASSET_TAGS = (); }; };
		D46E582E1BFC0E1800439CC9 /* ExploreViewController.m in Sources */ = {isa = PBXBuildFile; fileRef = D46E582B1BFC0E1800439CC9 /* ExploreViewController.m */; settings = {ASSET_TAGS = (); }; };
		D46E58311BFC0E2B00439CC9 /* CaptureViewController.m in Sources */ = {isa = PBXBuildFile; fileRef = D46E58301BFC0E2B00439CC9 /* CaptureViewController.m */; settings = {ASSET_TAGS = (); }; };
		D46E58321BFC0E2B00439CC9 /* CaptureViewController.m in Sources */ = {isa = PBXBuildFile; fileRef = D46E58301BFC0E2B00439CC9 /* CaptureViewController.m */; settings = {ASSET_TAGS = (); }; };
		D46E58331BFC0E2B00439CC9 /* CaptureViewController.m in Sources */ = {isa = PBXBuildFile; fileRef = D46E58301BFC0E2B00439CC9 /* CaptureViewController.m */; settings = {ASSET_TAGS = (); }; };
		D46E58361BFC0E3E00439CC9 /* ProfileViewController.m in Sources */ = {isa = PBXBuildFile; fileRef = D46E58351BFC0E3E00439CC9 /* ProfileViewController.m */; settings = {ASSET_TAGS = (); }; };
		D46E58371BFC0E3E00439CC9 /* ProfileViewController.m in Sources */ = {isa = PBXBuildFile; fileRef = D46E58351BFC0E3E00439CC9 /* ProfileViewController.m */; settings = {ASSET_TAGS = (); }; };
		D46E58381BFC0E3E00439CC9 /* ProfileViewController.m in Sources */ = {isa = PBXBuildFile; fileRef = D46E58351BFC0E3E00439CC9 /* ProfileViewController.m */; settings = {ASSET_TAGS = (); }; };
		D46E583B1BFC0E4F00439CC9 /* NotificationsViewController.m in Sources */ = {isa = PBXBuildFile; fileRef = D46E583A1BFC0E4F00439CC9 /* NotificationsViewController.m */; settings = {ASSET_TAGS = (); }; };
		D46E583C1BFC0E4F00439CC9 /* NotificationsViewController.m in Sources */ = {isa = PBXBuildFile; fileRef = D46E583A1BFC0E4F00439CC9 /* NotificationsViewController.m */; settings = {ASSET_TAGS = (); }; };
		D46E583D1BFC0E4F00439CC9 /* NotificationsViewController.m in Sources */ = {isa = PBXBuildFile; fileRef = D46E583A1BFC0E4F00439CC9 /* NotificationsViewController.m */; settings = {ASSET_TAGS = (); }; };
		D46E58401BFC0F6700439CC9 /* HomeNavigationController.m in Sources */ = {isa = PBXBuildFile; fileRef = D46E583F1BFC0F6700439CC9 /* HomeNavigationController.m */; settings = {ASSET_TAGS = (); }; };
		D46E58411BFC0F6700439CC9 /* HomeNavigationController.m in Sources */ = {isa = PBXBuildFile; fileRef = D46E583F1BFC0F6700439CC9 /* HomeNavigationController.m */; settings = {ASSET_TAGS = (); }; };
		D46E58421BFC0F6700439CC9 /* HomeNavigationController.m in Sources */ = {isa = PBXBuildFile; fileRef = D46E583F1BFC0F6700439CC9 /* HomeNavigationController.m */; settings = {ASSET_TAGS = (); }; };
		D46E58831BFC380A00439CC9 /* btnStarImage.png in Resources */ = {isa = PBXBuildFile; fileRef = D46E58821BFC380A00439CC9 /* btnStarImage.png */; settings = {ASSET_TAGS = (); }; };
		D46E58841BFC380A00439CC9 /* btnStarImage.png in Resources */ = {isa = PBXBuildFile; fileRef = D46E58821BFC380A00439CC9 /* btnStarImage.png */; settings = {ASSET_TAGS = (); }; };
		D46E58851BFC380A00439CC9 /* btnStarImage.png in Resources */ = {isa = PBXBuildFile; fileRef = D46E58821BFC380A00439CC9 /* btnStarImage.png */; settings = {ASSET_TAGS = (); }; };
/* End PBXBuildFile section */

/* Begin PBXContainerItemProxy section */
		D46E58081BFB2C0D00439CC9 /* PBXContainerItemProxy */ = {
			isa = PBXContainerItemProxy;
			containerPortal = D46E57E31BFB2C0D00439CC9 /* Project object */;
			proxyType = 1;
			remoteGlobalIDString = D46E57EA1BFB2C0D00439CC9;
			remoteInfo = BrownList;
		};
		D46E58131BFB2C0D00439CC9 /* PBXContainerItemProxy */ = {
			isa = PBXContainerItemProxy;
			containerPortal = D46E57E31BFB2C0D00439CC9 /* Project object */;
			proxyType = 1;
			remoteGlobalIDString = D46E57EA1BFB2C0D00439CC9;
			remoteInfo = BrownList;
		};
/* End PBXContainerItemProxy section */

/* Begin PBXFileReference section */
		D46E57EB1BFB2C0D00439CC9 /* BrownList.app */ = {isa = PBXFileReference; explicitFileType = wrapper.application; includeInIndex = 0; path = BrownList.app; sourceTree = BUILT_PRODUCTS_DIR; };
		D46E57EF1BFB2C0D00439CC9 /* main.m */ = {isa = PBXFileReference; lastKnownFileType = sourcecode.c.objc; path = main.m; sourceTree = "<group>"; };
		D46E57F11BFB2C0D00439CC9 /* AppDelegate.h */ = {isa = PBXFileReference; lastKnownFileType = sourcecode.c.h; path = AppDelegate.h; sourceTree = "<group>"; };
		D46E57F21BFB2C0D00439CC9 /* AppDelegate.m */ = {isa = PBXFileReference; lastKnownFileType = sourcecode.c.objc; path = AppDelegate.m; sourceTree = "<group>"; };
		D46E57FB1BFB2C0D00439CC9 /* Base */ = {isa = PBXFileReference; lastKnownFileType = file.storyboard; name = Base; path = Base.lproj/Main.storyboard; sourceTree = "<group>"; };
		D46E57FD1BFB2C0D00439CC9 /* Assets.xcassets */ = {isa = PBXFileReference; lastKnownFileType = folder.assetcatalog; path = Assets.xcassets; sourceTree = "<group>"; };
		D46E58001BFB2C0D00439CC9 /* Base */ = {isa = PBXFileReference; lastKnownFileType = file.storyboard; name = Base; path = Base.lproj/LaunchScreen.storyboard; sourceTree = "<group>"; };
		D46E58021BFB2C0D00439CC9 /* Info.plist */ = {isa = PBXFileReference; lastKnownFileType = text.plist.xml; path = Info.plist; sourceTree = "<group>"; };
		D46E58071BFB2C0D00439CC9 /* BrownListTests.xctest */ = {isa = PBXFileReference; explicitFileType = wrapper.cfbundle; includeInIndex = 0; path = BrownListTests.xctest; sourceTree = BUILT_PRODUCTS_DIR; };
		D46E580B1BFB2C0D00439CC9 /* BrownListTests.m */ = {isa = PBXFileReference; lastKnownFileType = sourcecode.c.objc; path = BrownListTests.m; sourceTree = "<group>"; };
		D46E580D1BFB2C0D00439CC9 /* Info.plist */ = {isa = PBXFileReference; lastKnownFileType = text.plist.xml; path = Info.plist; sourceTree = "<group>"; };
		D46E58121BFB2C0D00439CC9 /* BrownListUITests.xctest */ = {isa = PBXFileReference; explicitFileType = wrapper.cfbundle; includeInIndex = 0; path = BrownListUITests.xctest; sourceTree = BUILT_PRODUCTS_DIR; };
		D46E58161BFB2C0D00439CC9 /* BrownListUITests.m */ = {isa = PBXFileReference; lastKnownFileType = sourcecode.c.objc; path = BrownListUITests.m; sourceTree = "<group>"; };
		D46E58181BFB2C0D00439CC9 /* Info.plist */ = {isa = PBXFileReference; lastKnownFileType = text.plist.xml; path = Info.plist; sourceTree = "<group>"; };
		D46E58251BFC0DFC00439CC9 /* HomeViewController.h */ = {isa = PBXFileReference; fileEncoding = 4; lastKnownFileType = sourcecode.c.h; path = HomeViewController.h; sourceTree = "<group>"; };
		D46E58261BFC0DFC00439CC9 /* HomeViewController.m */ = {isa = PBXFileReference; fileEncoding = 4; lastKnownFileType = sourcecode.c.objc; path = HomeViewController.m; sourceTree = "<group>"; };
		D46E582A1BFC0E1800439CC9 /* ExploreViewController.h */ = {isa = PBXFileReference; fileEncoding = 4; lastKnownFileType = sourcecode.c.h; path = ExploreViewController.h; sourceTree = "<group>"; };
		D46E582B1BFC0E1800439CC9 /* ExploreViewController.m */ = {isa = PBXFileReference; fileEncoding = 4; lastKnownFileType = sourcecode.c.objc; path = ExploreViewController.m; sourceTree = "<group>"; };
		D46E582F1BFC0E2B00439CC9 /* CaptureViewController.h */ = {isa = PBXFileReference; fileEncoding = 4; lastKnownFileType = sourcecode.c.h; path = CaptureViewController.h; sourceTree = "<group>"; };
		D46E58301BFC0E2B00439CC9 /* CaptureViewController.m */ = {isa = PBXFileReference; fileEncoding = 4; lastKnownFileType = sourcecode.c.objc; path = CaptureViewController.m; sourceTree = "<group>"; };
		D46E58341BFC0E3E00439CC9 /* ProfileViewController.h */ = {isa = PBXFileReference; fileEncoding = 4; lastKnownFileType = sourcecode.c.h; path = ProfileViewController.h; sourceTree = "<group>"; };
		D46E58351BFC0E3E00439CC9 /* ProfileViewController.m */ = {isa = PBXFileReference; fileEncoding = 4; lastKnownFileType = sourcecode.c.objc; path = ProfileViewController.m; sourceTree = "<group>"; };
		D46E58391BFC0E4F00439CC9 /* NotificationsViewController.h */ = {isa = PBXFileReference; fileEncoding = 4; lastKnownFileType = sourcecode.c.h; path = NotificationsViewController.h; sourceTree = "<group>"; };
		D46E583A1BFC0E4F00439CC9 /* NotificationsViewController.m */ = {isa = PBXFileReference; fileEncoding = 4; lastKnownFileType = sourcecode.c.objc; path = NotificationsViewController.m; sourceTree = "<group>"; };
		D46E583E1BFC0F6700439CC9 /* HomeNavigationController.h */ = {isa = PBXFileReference; fileEncoding = 4; lastKnownFileType = sourcecode.c.h; path = HomeNavigationController.h; sourceTree = "<group>"; };
		D46E583F1BFC0F6700439CC9 /* HomeNavigationController.m */ = {isa = PBXFileReference; fileEncoding = 4; lastKnownFileType = sourcecode.c.objc; path = HomeNavigationController.m; sourceTree = "<group>"; };
		D46E58821BFC380A00439CC9 /* btnStarImage.png */ = {isa = PBXFileReference; lastKnownFileType = image.png; path = btnStarImage.png; sourceTree = "<group>"; };
/* End PBXFileReference section */

/* Begin PBXFrameworksBuildPhase section */
		D46E57E81BFB2C0D00439CC9 /* Frameworks */ = {
			isa = PBXFrameworksBuildPhase;
			buildActionMask = 2147483647;
			files = (
			);
			runOnlyForDeploymentPostprocessing = 0;
		};
		D46E58041BFB2C0D00439CC9 /* Frameworks */ = {
			isa = PBXFrameworksBuildPhase;
			buildActionMask = 2147483647;
			files = (
			);
			runOnlyForDeploymentPostprocessing = 0;
		};
		D46E580F1BFB2C0D00439CC9 /* Frameworks */ = {
			isa = PBXFrameworksBuildPhase;
			buildActionMask = 2147483647;
			files = (
			);
			runOnlyForDeploymentPostprocessing = 0;
		};
/* End PBXFrameworksBuildPhase section */

/* Begin PBXGroup section */
		D46E57E21BFB2C0D00439CC9 = {
			isa = PBXGroup;
			children = (
				D46E57ED1BFB2C0D00439CC9 /* BrownList */,
				D46E580A1BFB2C0D00439CC9 /* BrownListTests */,
				D46E58151BFB2C0D00439CC9 /* BrownListUITests */,
				D46E57EC1BFB2C0D00439CC9 /* Products */,
			);
			sourceTree = "<group>";
		};
		D46E57EC1BFB2C0D00439CC9 /* Products */ = {
			isa = PBXGroup;
			children = (
				D46E57EB1BFB2C0D00439CC9 /* BrownList.app */,
				D46E58071BFB2C0D00439CC9 /* BrownListTests.xctest */,
				D46E58121BFB2C0D00439CC9 /* BrownListUITests.xctest */,
			);
			name = Products;
			sourceTree = "<group>";
		};
		D46E57ED1BFB2C0D00439CC9 /* BrownList */ = {
			isa = PBXGroup;
			children = (
				D46E58241BFC0DBD00439CC9 /* ViewControllers */,
				D46E57F11BFB2C0D00439CC9 /* AppDelegate.h */,
				D46E57F21BFB2C0D00439CC9 /* AppDelegate.m */,
				D46E57FA1BFB2C0D00439CC9 /* Main.storyboard */,
				D46E57FD1BFB2C0D00439CC9 /* Assets.xcassets */,
				D46E57FF1BFB2C0D00439CC9 /* LaunchScreen.storyboard */,
				D46E58021BFB2C0D00439CC9 /* Info.plist */,
				D46E57EE1BFB2C0D00439CC9 /* Supporting Files */,
			);
			path = BrownList;
			sourceTree = "<group>";
		};
		D46E57EE1BFB2C0D00439CC9 /* Supporting Files */ = {
			isa = PBXGroup;
			children = (
				D46E58821BFC380A00439CC9 /* btnStarImage.png */,
				D46E57EF1BFB2C0D00439CC9 /* main.m */,
			);
			name = "Supporting Files";
			sourceTree = "<group>";
		};
		D46E580A1BFB2C0D00439CC9 /* BrownListTests */ = {
			isa = PBXGroup;
			children = (
				D46E580B1BFB2C0D00439CC9 /* BrownListTests.m */,
				D46E580D1BFB2C0D00439CC9 /* Info.plist */,
			);
			path = BrownListTests;
			sourceTree = "<group>";
		};
		D46E58151BFB2C0D00439CC9 /* BrownListUITests */ = {
			isa = PBXGroup;
			children = (
				D46E58161BFB2C0D00439CC9 /* BrownListUITests.m */,
				D46E58181BFB2C0D00439CC9 /* Info.plist */,
			);
			path = BrownListUITests;
			sourceTree = "<group>";
		};
		D46E58241BFC0DBD00439CC9 /* ViewControllers */ = {
			isa = PBXGroup;
			children = (
				D46E58251BFC0DFC00439CC9 /* HomeViewController.h */,
				D46E58261BFC0DFC00439CC9 /* HomeViewController.m */,
				D46E582A1BFC0E1800439CC9 /* ExploreViewController.h */,
				D46E582B1BFC0E1800439CC9 /* ExploreViewController.m */,
				D46E582F1BFC0E2B00439CC9 /* CaptureViewController.h */,
				D46E58301BFC0E2B00439CC9 /* CaptureViewController.m */,
				D46E58341BFC0E3E00439CC9 /* ProfileViewController.h */,
				D46E58351BFC0E3E00439CC9 /* ProfileViewController.m */,
				D46E58391BFC0E4F00439CC9 /* NotificationsViewController.h */,
				D46E583A1BFC0E4F00439CC9 /* NotificationsViewController.m */,
				D46E583E1BFC0F6700439CC9 /* HomeNavigationController.h */,
				D46E583F1BFC0F6700439CC9 /* HomeNavigationController.m */,
			);
			name = ViewControllers;
			sourceTree = "<group>";
		};
/* End PBXGroup section */

/* Begin PBXNativeTarget section */
		D46E57EA1BFB2C0D00439CC9 /* BrownList */ = {
			isa = PBXNativeTarget;
			buildConfigurationList = D46E581B1BFB2C0D00439CC9 /* Build configuration list for PBXNativeTarget "BrownList" */;
			buildPhases = (
				D46E57E71BFB2C0D00439CC9 /* Sources */,
				D46E57E81BFB2C0D00439CC9 /* Frameworks */,
				D46E57E91BFB2C0D00439CC9 /* Resources */,
			);
			buildRules = (
			);
			dependencies = (
			);
			name = BrownList;
			productName = BrownList;
			productReference = D46E57EB1BFB2C0D00439CC9 /* BrownList.app */;
			productType = "com.apple.product-type.application";
		};
		D46E58061BFB2C0D00439CC9 /* BrownListTests */ = {
			isa = PBXNativeTarget;
			buildConfigurationList = D46E581E1BFB2C0D00439CC9 /* Build configuration list for PBXNativeTarget "BrownListTests" */;
			buildPhases = (
				D46E58031BFB2C0D00439CC9 /* Sources */,
				D46E58041BFB2C0D00439CC9 /* Frameworks */,
				D46E58051BFB2C0D00439CC9 /* Resources */,
			);
			buildRules = (
			);
			dependencies = (
				D46E58091BFB2C0D00439CC9 /* PBXTargetDependency */,
			);
			name = BrownListTests;
			productName = BrownListTests;
			productReference = D46E58071BFB2C0D00439CC9 /* BrownListTests.xctest */;
			productType = "com.apple.product-type.bundle.unit-test";
		};
		D46E58111BFB2C0D00439CC9 /* BrownListUITests */ = {
			isa = PBXNativeTarget;
			buildConfigurationList = D46E58211BFB2C0D00439CC9 /* Build configuration list for PBXNativeTarget "BrownListUITests" */;
			buildPhases = (
				D46E580E1BFB2C0D00439CC9 /* Sources */,
				D46E580F1BFB2C0D00439CC9 /* Frameworks */,
				D46E58101BFB2C0D00439CC9 /* Resources */,
			);
			buildRules = (
			);
			dependencies = (
				D46E58141BFB2C0D00439CC9 /* PBXTargetDependency */,
			);
			name = BrownListUITests;
			productName = BrownListUITests;
			productReference = D46E58121BFB2C0D00439CC9 /* BrownListUITests.xctest */;
			productType = "com.apple.product-type.bundle.ui-testing";
		};
/* End PBXNativeTarget section */

/* Begin PBXProject section */
		D46E57E31BFB2C0D00439CC9 /* Project object */ = {
			isa = PBXProject;
			attributes = {
				LastUpgradeCheck = 0700;
				ORGANIZATIONNAME = DESHMUKH;
				TargetAttributes = {
					D46E57EA1BFB2C0D00439CC9 = {
						CreatedOnToolsVersion = 7.0.1;
						DevelopmentTeam = NZ6F3J8Y6W;
					};
					D46E58061BFB2C0D00439CC9 = {
						CreatedOnToolsVersion = 7.0.1;
						DevelopmentTeam = NZ6F3J8Y6W;
						TestTargetID = D46E57EA1BFB2C0D00439CC9;
					};
					D46E58111BFB2C0D00439CC9 = {
						CreatedOnToolsVersion = 7.0.1;
						DevelopmentTeam = NZ6F3J8Y6W;
						TestTargetID = D46E57EA1BFB2C0D00439CC9;
					};
				};
			};
			buildConfigurationList = D46E57E61BFB2C0D00439CC9 /* Build configuration list for PBXProject "BrownList" */;
			compatibilityVersion = "Xcode 3.2";
			developmentRegion = English;
			hasScannedForEncodings = 0;
			knownRegions = (
				en,
				Base,
			);
			mainGroup = D46E57E21BFB2C0D00439CC9;
			productRefGroup = D46E57EC1BFB2C0D00439CC9 /* Products */;
			projectDirPath = "";
			projectRoot = "";
			targets = (
				D46E57EA1BFB2C0D00439CC9 /* BrownList */,
				D46E58061BFB2C0D00439CC9 /* BrownListTests */,
				D46E58111BFB2C0D00439CC9 /* BrownListUITests */,
			);
		};
/* End PBXProject section */

/* Begin PBXResourcesBuildPhase section */
		D46E57E91BFB2C0D00439CC9 /* Resources */ = {
			isa = PBXResourcesBuildPhase;
			buildActionMask = 2147483647;
			files = (
				D46E58011BFB2C0D00439CC9 /* LaunchScreen.storyboard in Resources */,
				D46E58831BFC380A00439CC9 /* btnStarImage.png in Resources */,
				D46E57FE1BFB2C0D00439CC9 /* Assets.xcassets in Resources */,
				D46E57FC1BFB2C0D00439CC9 /* Main.storyboard in Resources */,
			);
			runOnlyForDeploymentPostprocessing = 0;
		};
		D46E58051BFB2C0D00439CC9 /* Resources */ = {
			isa = PBXResourcesBuildPhase;
			buildActionMask = 2147483647;
			files = (
				D46E58841BFC380A00439CC9 /* btnStarImage.png in Resources */,
			);
			runOnlyForDeploymentPostprocessing = 0;
		};
		D46E58101BFB2C0D00439CC9 /* Resources */ = {
			isa = PBXResourcesBuildPhase;
			buildActionMask = 2147483647;
			files = (
				D46E58851BFC380A00439CC9 /* btnStarImage.png in Resources */,
			);
			runOnlyForDeploymentPostprocessing = 0;
		};
/* End PBXResourcesBuildPhase section */

/* Begin PBXSourcesBuildPhase section */
		D46E57E71BFB2C0D00439CC9 /* Sources */ = {
			isa = PBXSourcesBuildPhase;
			buildActionMask = 2147483647;
			files = (
				D46E582C1BFC0E1800439CC9 /* ExploreViewController.m in Sources */,
				D46E57F31BFB2C0D00439CC9 /* AppDelegate.m in Sources */,
				D46E58401BFC0F6700439CC9 /* HomeNavigationController.m in Sources */,
				D46E57F01BFB2C0D00439CC9 /* main.m in Sources */,
				D46E583B1BFC0E4F00439CC9 /* NotificationsViewController.m in Sources */,
				D46E58311BFC0E2B00439CC9 /* CaptureViewController.m in Sources */,
				D46E58361BFC0E3E00439CC9 /* ProfileViewController.m in Sources */,
				D46E58271BFC0DFC00439CC9 /* HomeViewController.m in Sources */,
			);
			runOnlyForDeploymentPostprocessing = 0;
		};
		D46E58031BFB2C0D00439CC9 /* Sources */ = {
			isa = PBXSourcesBuildPhase;
			buildActionMask = 2147483647;
			files = (
				D46E580C1BFB2C0D00439CC9 /* BrownListTests.m in Sources */,
				D46E58321BFC0E2B00439CC9 /* CaptureViewController.m in Sources */,
				D46E582D1BFC0E1800439CC9 /* ExploreViewController.m in Sources */,
				D46E58411BFC0F6700439CC9 /* HomeNavigationController.m in Sources */,
				D46E58281BFC0DFC00439CC9 /* HomeViewController.m in Sources */,
				D46E58371BFC0E3E00439CC9 /* ProfileViewController.m in Sources */,
				D46E583C1BFC0E4F00439CC9 /* NotificationsViewController.m in Sources */,
			);
			runOnlyForDeploymentPostprocessing = 0;
		};
		D46E580E1BFB2C0D00439CC9 /* Sources */ = {
			isa = PBXSourcesBuildPhase;
			buildActionMask = 2147483647;
			files = (
				D46E58171BFB2C0D00439CC9 /* BrownListUITests.m in Sources */,
				D46E58331BFC0E2B00439CC9 /* CaptureViewController.m in Sources */,
				D46E582E1BFC0E1800439CC9 /* ExploreViewController.m in Sources */,
				D46E58421BFC0F6700439CC9 /* HomeNavigationController.m in Sources */,
				D46E58291BFC0DFC00439CC9 /* HomeViewController.m in Sources */,
				D46E58381BFC0E3E00439CC9 /* ProfileViewController.m in Sources */,
				D46E583D1BFC0E4F00439CC9 /* NotificationsViewController.m in Sources */,
			);
			runOnlyForDeploymentPostprocessing = 0;
		};
/* End PBXSourcesBuildPhase section */

/* Begin PBXTargetDependency section */
		D46E58091BFB2C0D00439CC9 /* PBXTargetDependency */ = {
			isa = PBXTargetDependency;
			target = D46E57EA1BFB2C0D00439CC9 /* BrownList */;
			targetProxy = D46E58081BFB2C0D00439CC9 /* PBXContainerItemProxy */;
		};
		D46E58141BFB2C0D00439CC9 /* PBXTargetDependency */ = {
			isa = PBXTargetDependency;
			target = D46E57EA1BFB2C0D00439CC9 /* BrownList */;
			targetProxy = D46E58131BFB2C0D00439CC9 /* PBXContainerItemProxy */;
		};
/* End PBXTargetDependency section */

/* Begin PBXVariantGroup section */
		D46E57FA1BFB2C0D00439CC9 /* Main.storyboard */ = {
			isa = PBXVariantGroup;
			children = (
				D46E57FB1BFB2C0D00439CC9 /* Base */,
			);
			name = Main.storyboard;
			sourceTree = "<group>";
		};
		D46E57FF1BFB2C0D00439CC9 /* LaunchScreen.storyboard */ = {
			isa = PBXVariantGroup;
			children = (
				D46E58001BFB2C0D00439CC9 /* Base */,
			);
			name = LaunchScreen.storyboard;
			sourceTree = "<group>";
		};
/* End PBXVariantGroup section */

/* Begin XCBuildConfiguration section */
		D46E58191BFB2C0D00439CC9 /* Debug */ = {
			isa = XCBuildConfiguration;
			buildSettings = {
				ALWAYS_SEARCH_USER_PATHS = NO;
				CLANG_CXX_LANGUAGE_STANDARD = "gnu++0x";
				CLANG_CXX_LIBRARY = "libc++";
				CLANG_ENABLE_MODULES = YES;
				CLANG_ENABLE_OBJC_ARC = YES;
				CLANG_WARN_BOOL_CONVERSION = YES;
				CLANG_WARN_CONSTANT_CONVERSION = YES;
				CLANG_WARN_DIRECT_OBJC_ISA_USAGE = YES_ERROR;
				CLANG_WARN_EMPTY_BODY = YES;
				CLANG_WARN_ENUM_CONVERSION = YES;
				CLANG_WARN_INT_CONVERSION = YES;
				CLANG_WARN_OBJC_ROOT_CLASS = YES_ERROR;
				CLANG_WARN_UNREACHABLE_CODE = YES;
				CLANG_WARN__DUPLICATE_METHOD_MATCH = YES;
				"CODE_SIGN_IDENTITY[sdk=iphoneos*]" = "iPhone Developer";
				COPY_PHASE_STRIP = NO;
				DEBUG_INFORMATION_FORMAT = dwarf;
				ENABLE_STRICT_OBJC_MSGSEND = YES;
				ENABLE_TESTABILITY = YES;
				GCC_C_LANGUAGE_STANDARD = gnu99;
				GCC_DYNAMIC_NO_PIC = NO;
				GCC_NO_COMMON_BLOCKS = YES;
				GCC_OPTIMIZATION_LEVEL = 0;
				GCC_PREPROCESSOR_DEFINITIONS = (
					"DEBUG=1",
					"$(inherited)",
				);
				GCC_WARN_64_TO_32_BIT_CONVERSION = YES;
				GCC_WARN_ABOUT_RETURN_TYPE = YES_ERROR;
				GCC_WARN_UNDECLARED_SELECTOR = YES;
				GCC_WARN_UNINITIALIZED_AUTOS = YES_AGGRESSIVE;
				GCC_WARN_UNUSED_FUNCTION = YES;
				GCC_WARN_UNUSED_VARIABLE = YES;
				IPHONEOS_DEPLOYMENT_TARGET = 9.0;
				MTL_ENABLE_DEBUG_INFO = YES;
				ONLY_ACTIVE_ARCH = YES;
				SDKROOT = iphoneos;
			};
			name = Debug;
		};
		D46E581A1BFB2C0D00439CC9 /* Release */ = {
			isa = XCBuildConfiguration;
			buildSettings = {
				ALWAYS_SEARCH_USER_PATHS = NO;
				CLANG_CXX_LANGUAGE_STANDARD = "gnu++0x";
				CLANG_CXX_LIBRARY = "libc++";
				CLANG_ENABLE_MODULES = YES;
				CLANG_ENABLE_OBJC_ARC = YES;
				CLANG_WARN_BOOL_CONVERSION = YES;
				CLANG_WARN_CONSTANT_CONVERSION = YES;
				CLANG_WARN_DIRECT_OBJC_ISA_USAGE = YES_ERROR;
				CLANG_WARN_EMPTY_BODY = YES;
				CLANG_WARN_ENUM_CONVERSION = YES;
				CLANG_WARN_INT_CONVERSION = YES;
				CLANG_WARN_OBJC_ROOT_CLASS = YES_ERROR;
				CLANG_WARN_UNREACHABLE_CODE = YES;
				CLANG_WARN__DUPLICATE_METHOD_MATCH = YES;
				"CODE_SIGN_IDENTITY[sdk=iphoneos*]" = "iPhone Developer";
				COPY_PHASE_STRIP = NO;
				DEBUG_INFORMATION_FORMAT = "dwarf-with-dsym";
				ENABLE_NS_ASSERTIONS = NO;
				ENABLE_STRICT_OBJC_MSGSEND = YES;
				GCC_C_LANGUAGE_STANDARD = gnu99;
				GCC_NO_COMMON_BLOCKS = YES;
				GCC_WARN_64_TO_32_BIT_CONVERSION = YES;
				GCC_WARN_ABOUT_RETURN_TYPE = YES_ERROR;
				GCC_WARN_UNDECLARED_SELECTOR = YES;
				GCC_WARN_UNINITIALIZED_AUTOS = YES_AGGRESSIVE;
				GCC_WARN_UNUSED_FUNCTION = YES;
				GCC_WARN_UNUSED_VARIABLE = YES;
				IPHONEOS_DEPLOYMENT_TARGET = 9.0;
				MTL_ENABLE_DEBUG_INFO = NO;
				SDKROOT = iphoneos;
				VALIDATE_PRODUCT = YES;
			};
			name = Release;
		};
		D46E581C1BFB2C0D00439CC9 /* Debug */ = {
			isa = XCBuildConfiguration;
			buildSettings = {
				ASSETCATALOG_COMPILER_APPICON_NAME = AppIcon;
				INFOPLIST_FILE = BrownList/Info.plist;
				LD_RUNPATH_SEARCH_PATHS = "$(inherited) @executable_path/Frameworks";
				PRODUCT_BUNDLE_IDENTIFIER = "anuj-deshmukh.BrownList";
				PRODUCT_NAME = "$(TARGET_NAME)";
			};
			name = Debug;
		};
		D46E581D1BFB2C0D00439CC9 /* Release */ = {
			isa = XCBuildConfiguration;
			buildSettings = {
				ASSETCATALOG_COMPILER_APPICON_NAME = AppIcon;
				INFOPLIST_FILE = BrownList/Info.plist;
				LD_RUNPATH_SEARCH_PATHS = "$(inherited) @executable_path/Frameworks";
				PRODUCT_BUNDLE_IDENTIFIER = "anuj-deshmukh.BrownList";
				PRODUCT_NAME = "$(TARGET_NAME)";
			};
			name = Release;
		};
		D46E581F1BFB2C0D00439CC9 /* Debug */ = {
			isa = XCBuildConfiguration;
			buildSettings = {
				BUNDLE_LOADER = "$(TEST_HOST)";
				INFOPLIST_FILE = BrownListTests/Info.plist;
				LD_RUNPATH_SEARCH_PATHS = "$(inherited) @executable_path/Frameworks @loader_path/Frameworks";
				PRODUCT_BUNDLE_IDENTIFIER = "anuj-deshmukh.BrownListTests";
				PRODUCT_NAME = "$(TARGET_NAME)";
				TEST_HOST = "$(BUILT_PRODUCTS_DIR)/BrownList.app/BrownList";
			};
			name = Debug;
		};
		D46E58201BFB2C0D00439CC9 /* Release */ = {
			isa = XCBuildConfiguration;
			buildSettings = {
				BUNDLE_LOADER = "$(TEST_HOST)";
				INFOPLIST_FILE = BrownListTests/Info.plist;
				LD_RUNPATH_SEARCH_PATHS = "$(inherited) @executable_path/Frameworks @loader_path/Frameworks";
				PRODUCT_BUNDLE_IDENTIFIER = "anuj-deshmukh.BrownListTests";
				PRODUCT_NAME = "$(TARGET_NAME)";
				TEST_HOST = "$(BUILT_PRODUCTS_DIR)/BrownList.app/BrownList";
			};
			name = Release;
		};
		D46E58221BFB2C0D00439CC9 /* Debug */ = {
			isa = XCBuildConfiguration;
			buildSettings = {
				INFOPLIST_FILE = BrownListUITests/Info.plist;
				LD_RUNPATH_SEARCH_PATHS = "$(inherited) @executable_path/Frameworks @loader_path/Frameworks";
				PRODUCT_BUNDLE_IDENTIFIER = "anuj-deshmukh.BrownListUITests";
				PRODUCT_NAME = "$(TARGET_NAME)";
				TEST_TARGET_NAME = BrownList;
				USES_XCTRUNNER = YES;
			};
			name = Debug;
		};
		D46E58231BFB2C0D00439CC9 /* Release */ = {
			isa = XCBuildConfiguration;
			buildSettings = {
				INFOPLIST_FILE = BrownListUITests/Info.plist;
				LD_RUNPATH_SEARCH_PATHS = "$(inherited) @executable_path/Frameworks @loader_path/Frameworks";
				PRODUCT_BUNDLE_IDENTIFIER = "anuj-deshmukh.BrownListUITests";
				PRODUCT_NAME = "$(TARGET_NAME)";
				TEST_TARGET_NAME = BrownList;
				USES_XCTRUNNER = YES;
			};
			name = Release;
		};
/* End XCBuildConfiguration section */

/* Begin XCConfigurationList section */
		D46E57E61BFB2C0D00439CC9 /* Build configuration list for PBXProject "BrownList" */ = {
			isa = XCConfigurationList;
			buildConfigurations = (
				D46E58191BFB2C0D00439CC9 /* Debug */,
				D46E581A1BFB2C0D00439CC9 /* Release */,
			);
			defaultConfigurationIsVisible = 0;
			defaultConfigurationName = Release;
		};
		D46E581B1BFB2C0D00439CC9 /* Build configuration list for PBXNativeTarget "BrownList" */ = {
			isa = XCConfigurationList;
			buildConfigurations = (
				D46E581C1BFB2C0D00439CC9 /* Debug */,
				D46E581D1BFB2C0D00439CC9 /* Release */,
			);
			defaultConfigurationIsVisible = 0;
		};
		D46E581E1BFB2C0D00439CC9 /* Build configuration list for PBXNativeTarget "BrownListTests" */ = {
			isa = XCConfigurationList;
			buildConfigurations = (
				D46E581F1BFB2C0D00439CC9 /* Debug */,
				D46E58201BFB2C0D00439CC9 /* Release */,
			);
			defaultConfigurationIsVisible = 0;
		};
		D46E58211BFB2C0D00439CC9 /* Build configuration list for PBXNativeTarget "BrownListUITests" */ = {
			isa = XCConfigurationList;
			buildConfigurations = (
				D46E58221BFB2C0D00439CC9 /* Debug */,
				D46E58231BFB2C0D00439CC9 /* Release */,
			);
			defaultConfigurationIsVisible = 0;
		};
/* End XCConfigurationList section */
	};
	rootObject = D46E57E31BFB2C0D00439CC9 /* Project object */;
}
